
Microsoft Visual Studio Solution File, Format Version 12.00
# Visual Studio Version 17
VisualStudioVersion = 17.14.36811.4 d17.14
MinimumVisualStudioVersion = 10.0.40219.1
Project("{FAE04EC0-301F-11D3-BF4B-00C04F79EFBC}") = "Gymio.Api", "Gymio.Api\Gymio.Api.csproj", "{3746D728-3E1F-40D6-B3A1-731538AAE4A7}"
EndProject
Global
	GlobalSection(SolutionConfigurationPlatforms) = preSolution
		Debug|Any CPU = Debug|Any CPU
		Release|Any CPU = Release|Any CPU
	EndGlobalSection
	GlobalSection(ProjectConfigurationPlatforms) = postSolution
		{3746D728-3E1F-40D6-B3A1-731538AAE4A7}.Debug|Any CPU.ActiveCfg = Debug|Any CPU
		{3746D728-3E1F-40D6-B3A1-731538AAE4A7}.Debug|Any CPU.Build.0 = Debug|Any CPU
		{3746D728-3E1F-40D6-B3A1-731538AAE4A7}.Release|Any CPU.ActiveCfg = Release|Any CPU
		{3746D728-3E1F-40D6-B3A1-731538AAE4A7}.Release|Any CPU.Build.0 = Release|Any CPU
	EndGlobalSection
	GlobalSection(SolutionProperties) = preSolution
		HideSolutionNode = FALSE
	EndGlobalSection
	GlobalSection(ExtensibilityGlobals) = postSolution
		SolutionGuid = {1E115DCB-52C8-4507-98B2-101020B6826D}
	EndGlobalSection
EndGlobal
